
Microsoft Visual Studio Solution File, Format Version 12.00
# Visual Studio 15
VisualStudioVersion = 15.0.26730.3
MinimumVisualStudioVersion = 10.0.40219.1
Project("{2150E333-8FDC-42A3-9474-1A3956D46DE8}") = ".nuget", ".nuget", "{6801B862-9181-44A1-ACC6-DBA9F2E8E572}"
	ProjectSection(SolutionItems) = preProject
		.nuget\NuGet.Config = .nuget\NuGet.Config
		.nuget\NuGet.exe = .nuget\NuGet.exe
		.nuget\NuGet.targets = .nuget\NuGet.targets
	EndProjectSection
EndProject
Project("{FAE04EC0-301F-11D3-BF4B-00C04F79EFBC}") = "Plivo.NetCore", "..\Plivo.NetCore\Plivo.NetCore.csproj", "{FDF41B54-76D7-49C5-A292-F6D44A6E9821}"
EndProject
Global
	GlobalSection(SolutionConfigurationPlatforms) = preSolution
		Debug|Any CPU = Debug|Any CPU
		Release|Any CPU = Release|Any CPU
	EndGlobalSection
	GlobalSection(ProjectConfigurationPlatforms) = postSolution
		{FDF41B54-76D7-49C5-A292-F6D44A6E9821}.Debug|Any CPU.ActiveCfg = Debug|Any CPU
		{FDF41B54-76D7-49C5-A292-F6D44A6E9821}.Debug|Any CPU.Build.0 = Debug|Any CPU
		{FDF41B54-76D7-49C5-A292-F6D44A6E9821}.Release|Any CPU.ActiveCfg = Release|Any CPU
		{FDF41B54-76D7-49C5-A292-F6D44A6E9821}.Release|Any CPU.Build.0 = Release|Any CPU
	EndGlobalSection
	GlobalSection(SolutionProperties) = preSolution
		HideSolutionNode = FALSE
	EndGlobalSection
	GlobalSection(ExtensibilityGlobals) = postSolution
		SolutionGuid = {7DAF9DCE-AEEB-4D91-89E3-37E42DCAE320}
	EndGlobalSection
EndGlobal
